
Microsoft Visual Studio Solution File, Format Version 12.00
# Visual Studio Version 16
VisualStudioVersion = 16.0.31402.337
MinimumVisualStudioVersion = 10.0.40219.1
Project("{9A19103F-16F7-4668-BE54-9A1E7A4F7556}") = "AlgorithmsTheoryAndPractice", "CSharpFeatures\AlgorithmsTheoryAndPractice.csproj", "{351ACCED-DB52-4A4B-8B12-5FFEBED7CBD7}"
EndProject
Project("{9A19103F-16F7-4668-BE54-9A1E7A4F7556}") = "CSharp6Features", "CSharp6Features\CSharp6Features.csproj", "{23B9454B-DEB1-479C-8A86-4A73794A2604}"
EndProject
Project("{9A19103F-16F7-4668-BE54-9A1E7A4F7556}") = "CSharp7Features", "CSharp7Features\CSharp7Features.csproj", "{3ABBA01A-0CA7-4E4D-842F-F472B544ADBE}"
EndProject
Project("{9A19103F-16F7-4668-BE54-9A1E7A4F7556}") = "CSharp8Features", "CSharp8Features\CSharp8Features.csproj", "{08BC2765-2AC9-401B-ABE7-25C2F9327EAB}"
EndProject
Project("{9A19103F-16F7-4668-BE54-9A1E7A4F7556}") = "CSharp9Features", "CSharp9Features\CSharp9Features.csproj", "{BD8CC9CF-4379-4A2E-83A2-7334574B9590}"
EndProject
Project("{9A19103F-16F7-4668-BE54-9A1E7A4F7556}") = "CSharp9FeaturesTopLevelStatements", "CSharp9FeaturesTopLevelStatements\CSharp9FeaturesTopLevelStatements.csproj", "{365D47CA-FD87-4F7E-912E-C537F0C35CF0}"
EndProject
Project("{2150E333-8FDC-42A3-9474-1A3956D46DE8}") = "CSharp Features", "CSharp Features", "{6C8ADB78-034E-49A8-91BD-AEA79AC42B7E}"
EndProject
Project("{2150E333-8FDC-42A3-9474-1A3956D46DE8}") = "Algorithms", "Algorithms", "{5A3D2E62-0273-40D9-875B-7DBAA6573F80}"
EndProject
Project("{9A19103F-16F7-4668-BE54-9A1E7A4F7556}") = "HackerHank", "HackerHank\HackerHank.csproj", "{AEAC1ED9-B2CA-42CC-8CA0-A8E8423B77C3}"
EndProject
Project("{9A19103F-16F7-4668-BE54-9A1E7A4F7556}") = "ProblemsEuler", "ProblemsEuler\ProblemsEuler.csproj", "{956D9A5F-E601-483D-B72F-281CD6EE7EC5}"
EndProject
Project("{9A19103F-16F7-4668-BE54-9A1E7A4F7556}") = "AlgoMania", "AlgoMania\AlgoMania.csproj", "{3C711D75-24B5-4A88-9D51-70847E690458}"
EndProject
Project("{FAE04EC0-301F-11D3-BF4B-00C04F79EFBC}") = "Turing", "Turing\Turing.csproj", "{F667B20E-5DA6-4A1D-9454-D3BD5448AD7E}"
EndProject
Project("{FAE04EC0-301F-11D3-BF4B-00C04F79EFBC}") = "Concepts", "Concepts\Concepts.csproj", "{9CC9179D-6F96-4F33-BDD6-747B433BC1CE}"
EndProject
Global
	GlobalSection(SolutionConfigurationPlatforms) = preSolution
		Debug|Any CPU = Debug|Any CPU
		Release|Any CPU = Release|Any CPU
	EndGlobalSection
	GlobalSection(ProjectConfigurationPlatforms) = postSolution
		{351ACCED-DB52-4A4B-8B12-5FFEBED7CBD7}.Debug|Any CPU.ActiveCfg = Debug|Any CPU
		{351ACCED-DB52-4A4B-8B12-5FFEBED7CBD7}.Debug|Any CPU.Build.0 = Debug|Any CPU
		{351ACCED-DB52-4A4B-8B12-5FFEBED7CBD7}.Release|Any CPU.ActiveCfg = Release|Any CPU
		{351ACCED-DB52-4A4B-8B12-5FFEBED7CBD7}.Release|Any CPU.Build.0 = Release|Any CPU
		{23B9454B-DEB1-479C-8A86-4A73794A2604}.Debug|Any CPU.ActiveCfg = Debug|Any CPU
		{23B9454B-DEB1-479C-8A86-4A73794A2604}.Debug|Any CPU.Build.0 = Debug|Any CPU
		{23B9454B-DEB1-479C-8A86-4A73794A2604}.Release|Any CPU.ActiveCfg = Release|Any CPU
		{23B9454B-DEB1-479C-8A86-4A73794A2604}.Release|Any CPU.Build.0 = Release|Any CPU
		{3ABBA01A-0CA7-4E4D-842F-F472B544ADBE}.Debug|Any CPU.ActiveCfg = Debug|Any CPU
		{3ABBA01A-0CA7-4E4D-842F-F472B544ADBE}.Debug|Any CPU.Build.0 = Debug|Any CPU
		{3ABBA01A-0CA7-4E4D-842F-F472B544ADBE}.Release|Any CPU.ActiveCfg = Release|Any CPU
		{3ABBA01A-0CA7-4E4D-842F-F472B544ADBE}.Release|Any CPU.Build.0 = Release|Any CPU
		{08BC2765-2AC9-401B-ABE7-25C2F9327EAB}.Debug|Any CPU.ActiveCfg = Debug|Any CPU
		{08BC2765-2AC9-401B-ABE7-25C2F9327EAB}.Debug|Any CPU.Build.0 = Debug|Any CPU
		{08BC2765-2AC9-401B-ABE7-25C2F9327EAB}.Release|Any CPU.ActiveCfg = Release|Any CPU
		{08BC2765-2AC9-401B-ABE7-25C2F9327EAB}.Release|Any CPU.Build.0 = Release|Any CPU
		{BD8CC9CF-4379-4A2E-83A2-7334574B9590}.Debug|Any CPU.ActiveCfg = Debug|Any CPU
		{BD8CC9CF-4379-4A2E-83A2-7334574B9590}.Debug|Any CPU.Build.0 = Debug|Any CPU
		{BD8CC9CF-4379-4A2E-83A2-7334574B9590}.Release|Any CPU.ActiveCfg = Release|Any CPU
		{BD8CC9CF-4379-4A2E-83A2-7334574B9590}.Release|Any CPU.Build.0 = Release|Any CPU
		{365D47CA-FD87-4F7E-912E-C537F0C35CF0}.Debug|Any CPU.ActiveCfg = Debug|Any CPU
		{365D47CA-FD87-4F7E-912E-C537F0C35CF0}.Debug|Any CPU.Build.0 = Debug|Any CPU
		{365D47CA-FD87-4F7E-912E-C537F0C35CF0}.Release|Any CPU.ActiveCfg = Release|Any CPU
		{365D47CA-FD87-4F7E-912E-C537F0C35CF0}.Release|Any CPU.Build.0 = Release|Any CPU
		{AEAC1ED9-B2CA-42CC-8CA0-A8E8423B77C3}.Debug|Any CPU.ActiveCfg = Debug|Any CPU
		{AEAC1ED9-B2CA-42CC-8CA0-A8E8423B77C3}.Debug|Any CPU.Build.0 = Debug|Any CPU
		{AEAC1ED9-B2CA-42CC-8CA0-A8E8423B77C3}.Release|Any CPU.ActiveCfg = Release|Any CPU
		{AEAC1ED9-B2CA-42CC-8CA0-A8E8423B77C3}.Release|Any CPU.Build.0 = Release|Any CPU
		{956D9A5F-E601-483D-B72F-281CD6EE7EC5}.Debug|Any CPU.ActiveCfg = Debug|Any CPU
		{956D9A5F-E601-483D-B72F-281CD6EE7EC5}.Debug|Any CPU.Build.0 = Debug|Any CPU
		{956D9A5F-E601-483D-B72F-281CD6EE7EC5}.Release|Any CPU.ActiveCfg = Release|Any CPU
		{956D9A5F-E601-483D-B72F-281CD6EE7EC5}.Release|Any CPU.Build.0 = Release|Any CPU
		{3C711D75-24B5-4A88-9D51-70847E690458}.Debug|Any CPU.ActiveCfg = Debug|Any CPU
		{3C711D75-24B5-4A88-9D51-70847E690458}.Debug|Any CPU.Build.0 = Debug|Any CPU
		{3C711D75-24B5-4A88-9D51-70847E690458}.Release|Any CPU.ActiveCfg = Release|Any CPU
		{3C711D75-24B5-4A88-9D51-70847E690458}.Release|Any CPU.Build.0 = Release|Any CPU
		{F667B20E-5DA6-4A1D-9454-D3BD5448AD7E}.Debug|Any CPU.ActiveCfg = Debug|Any CPU
		{F667B20E-5DA6-4A1D-9454-D3BD5448AD7E}.Debug|Any CPU.Build.0 = Debug|Any CPU
		{F667B20E-5DA6-4A1D-9454-D3BD5448AD7E}.Release|Any CPU.ActiveCfg = Release|Any CPU
		{F667B20E-5DA6-4A1D-9454-D3BD5448AD7E}.Release|Any CPU.Build.0 = Release|Any CPU
		{9CC9179D-6F96-4F33-BDD6-747B433BC1CE}.Debug|Any CPU.ActiveCfg = Debug|Any CPU
		{9CC9179D-6F96-4F33-BDD6-747B433BC1CE}.Debug|Any CPU.Build.0 = Debug|Any CPU
		{9CC9179D-6F96-4F33-BDD6-747B433BC1CE}.Release|Any CPU.ActiveCfg = Release|Any CPU
		{9CC9179D-6F96-4F33-BDD6-747B433BC1CE}.Release|Any CPU.Build.0 = Release|Any CPU
	EndGlobalSection
	GlobalSection(SolutionProperties) = preSolution
		HideSolutionNode = FALSE
	EndGlobalSection
	GlobalSection(NestedProjects) = preSolution
		{351ACCED-DB52-4A4B-8B12-5FFEBED7CBD7} = {5A3D2E62-0273-40D9-875B-7DBAA6573F80}
		{23B9454B-DEB1-479C-8A86-4A73794A2604} = {6C8ADB78-034E-49A8-91BD-AEA79AC42B7E}
		{3ABBA01A-0CA7-4E4D-842F-F472B544ADBE} = {6C8ADB78-034E-49A8-91BD-AEA79AC42B7E}
		{08BC2765-2AC9-401B-ABE7-25C2F9327EAB} = {6C8ADB78-034E-49A8-91BD-AEA79AC42B7E}
		{BD8CC9CF-4379-4A2E-83A2-7334574B9590} = {6C8ADB78-034E-49A8-91BD-AEA79AC42B7E}
		{365D47CA-FD87-4F7E-912E-C537F0C35CF0} = {6C8ADB78-034E-49A8-91BD-AEA79AC42B7E}
		{AEAC1ED9-B2CA-42CC-8CA0-A8E8423B77C3} = {5A3D2E62-0273-40D9-875B-7DBAA6573F80}
		{956D9A5F-E601-483D-B72F-281CD6EE7EC5} = {5A3D2E62-0273-40D9-875B-7DBAA6573F80}
		{3C711D75-24B5-4A88-9D51-70847E690458} = {5A3D2E62-0273-40D9-875B-7DBAA6573F80}
		{F667B20E-5DA6-4A1D-9454-D3BD5448AD7E} = {5A3D2E62-0273-40D9-875B-7DBAA6573F80}
		{9CC9179D-6F96-4F33-BDD6-747B433BC1CE} = {5A3D2E62-0273-40D9-875B-7DBAA6573F80}
	EndGlobalSection
	GlobalSection(ExtensibilityGlobals) = postSolution
		SolutionGuid = {DFCA593C-98E1-4EC5-BB3F-DDCBFC9E9B34}
	EndGlobalSection
EndGlobal
