
Microsoft Visual Studio Solution File, Format Version 12.00
# Visual Studio Version 16
VisualStudioVersion = 16.0.31402.337
MinimumVisualStudioVersion = 10.0.40219.1
Project("{9A19103F-16F7-4668-BE54-9A1E7A4F7556}") = "CSharp6Features", "CSharp6Features\CSharp6Features.csproj", "{23B9454B-DEB1-479C-8A86-4A73794A2604}"
EndProject
Project("{9A19103F-16F7-4668-BE54-9A1E7A4F7556}") = "CSharp7Features", "CSharp7Features\CSharp7Features.csproj", "{3ABBA01A-0CA7-4E4D-842F-F472B544ADBE}"
EndProject
Project("{9A19103F-16F7-4668-BE54-9A1E7A4F7556}") = "CSharp8Features", "CSharp8Features\CSharp8Features.csproj", "{08BC2765-2AC9-401B-ABE7-25C2F9327EAB}"
EndProject
Project("{9A19103F-16F7-4668-BE54-9A1E7A4F7556}") = "CSharp9Features", "CSharp9Features\CSharp9Features.csproj", "{BD8CC9CF-4379-4A2E-83A2-7334574B9590}"
EndProject
Project("{9A19103F-16F7-4668-BE54-9A1E7A4F7556}") = "CSharp9FeaturesTopLevelStatements", "CSharp9FeaturesTopLevelStatements\CSharp9FeaturesTopLevelStatements.csproj", "{365D47CA-FD87-4F7E-912E-C537F0C35CF0}"
EndProject
Global
	GlobalSection(SolutionConfigurationPlatforms) = preSolution
		Debug|Any CPU = Debug|Any CPU
		Release|Any CPU = Release|Any CPU
	EndGlobalSection
	GlobalSection(ProjectConfigurationPlatforms) = postSolution
		{23B9454B-DEB1-479C-8A86-4A73794A2604}.Debug|Any CPU.ActiveCfg = Debug|Any CPU
		{23B9454B-DEB1-479C-8A86-4A73794A2604}.Debug|Any CPU.Build.0 = Debug|Any CPU
		{23B9454B-DEB1-479C-8A86-4A73794A2604}.Release|Any CPU.ActiveCfg = Release|Any CPU
		{23B9454B-DEB1-479C-8A86-4A73794A2604}.Release|Any CPU.Build.0 = Release|Any CPU
		{3ABBA01A-0CA7-4E4D-842F-F472B544ADBE}.Debug|Any CPU.ActiveCfg = Debug|Any CPU
		{3ABBA01A-0CA7-4E4D-842F-F472B544ADBE}.Debug|Any CPU.Build.0 = Debug|Any CPU
		{3ABBA01A-0CA7-4E4D-842F-F472B544ADBE}.Release|Any CPU.ActiveCfg = Release|Any CPU
		{3ABBA01A-0CA7-4E4D-842F-F472B544ADBE}.Release|Any CPU.Build.0 = Release|Any CPU
		{08BC2765-2AC9-401B-ABE7-25C2F9327EAB}.Debug|Any CPU.ActiveCfg = Debug|Any CPU
		{08BC2765-2AC9-401B-ABE7-25C2F9327EAB}.Debug|Any CPU.Build.0 = Debug|Any CPU
		{08BC2765-2AC9-401B-ABE7-25C2F9327EAB}.Release|Any CPU.ActiveCfg = Release|Any CPU
		{08BC2765-2AC9-401B-ABE7-25C2F9327EAB}.Release|Any CPU.Build.0 = Release|Any CPU
		{BD8CC9CF-4379-4A2E-83A2-7334574B9590}.Debug|Any CPU.ActiveCfg = Debug|Any CPU
		{BD8CC9CF-4379-4A2E-83A2-7334574B9590}.Debug|Any CPU.Build.0 = Debug|Any CPU
		{BD8CC9CF-4379-4A2E-83A2-7334574B9590}.Release|Any CPU.ActiveCfg = Release|Any CPU
		{BD8CC9CF-4379-4A2E-83A2-7334574B9590}.Release|Any CPU.Build.0 = Release|Any CPU
		{365D47CA-FD87-4F7E-912E-C537F0C35CF0}.Debug|Any CPU.ActiveCfg = Debug|Any CPU
		{365D47CA-FD87-4F7E-912E-C537F0C35CF0}.Debug|Any CPU.Build.0 = Debug|Any CPU
		{365D47CA-FD87-4F7E-912E-C537F0C35CF0}.Release|Any CPU.ActiveCfg = Release|Any CPU
		{365D47CA-FD87-4F7E-912E-C537F0C35CF0}.Release|Any CPU.Build.0 = Release|Any CPU
	EndGlobalSection
	GlobalSection(SolutionProperties) = preSolution
		HideSolutionNode = FALSE
	EndGlobalSection
	GlobalSection(ExtensibilityGlobals) = postSolution
		SolutionGuid = {DFCA593C-98E1-4EC5-BB3F-DDCBFC9E9B34}
	EndGlobalSection
EndGlobal
